LOCK_VERSION=1
REPOSITORY=https://github.com/fiatjaf/pyramid
TAG=v1.3.2
COMMIT=e12e81641bfe6cacc6dd246e9433d602c1240e66
ASSET_NAME=pyramid-amd64
ASSET_URL=https://github.com/fiatjaf/pyramid/releases/download/v1.3.2/pyramid-amd64
ASSET_SIZE=193079560
ASSET_SHA256=93180050e101fa870ca022279eac3c18ea0bf263aee9d8dc67f24292b9c41920
SOURCE_ARCHIVE_URL=https://github.com/fiatjaf/pyramid/archive/refs/tags/v1.3.2.tar.gz
SOURCE_ARCHIVE_SIZE=217168
SOURCE_ARCHIVE_SHA256=10f76dac484e6a4e446c0baaa91900f5a39f12296833fa4bf18c86d7e4aa8777
AUDITED_AT_UTC=2026-07-31T11:35:00Z
GO_VERSION=1.26.2
NODE_VERSION=25.9.0
NPM_VERSION=11.12.1
MUSL_VERSION=1.2.5
TEMPL_VERSION=0.3.1020
SELECTION_RATIONALE=current_canonical_release_exact_official_amd64_asset_source_unmodified
